
Microsoft Visual Studio Solution File, Format Version 12.00
# Visual Studio Version 17
VisualStudioVersion = 17.0.31903.59
MinimumVisualStudioVersion = 10.0.40219.1
Project("{FAE04EC0-301F-11D3-BF4B-00C04F79EFBC}") = "PizzaShop.Repository", "PizzaShop.Repository\PizzaShop.Repository.csproj", "{1A7F83EE-728C-4431-A4B5-C0174229EBDD}"
EndProject
Project("{FAE04EC0-301F-11D3-BF4B-00C04F79EFBC}") = "PizzaShop.Service", "PizzaShop.Service\PizzaShop.Service.csproj", "{02504999-9AF5-433D-ADD4-BF254E1F02F0}"
EndProject
Project("{FAE04EC0-301F-11D3-BF4B-00C04F79EFBC}") = "PizzaShop.Core", "PizzaShop.Core\PizzaShop.Core.csproj", "{2F5B7B6D-6FC4-43C8-B309-FDFB3B12DAE6}"
EndProject
Global
	GlobalSection(SolutionConfigurationPlatforms) = preSolution
		Debug|Any CPU = Debug|Any CPU
		Release|Any CPU = Release|Any CPU
	EndGlobalSection
	GlobalSection(SolutionProperties) = preSolution
		HideSolutionNode = FALSE
	EndGlobalSection
	GlobalSection(ProjectConfigurationPlatforms) = postSolution
		{1A7F83EE-728C-4431-A4B5-C0174229EBDD}.Debug|Any CPU.ActiveCfg = Debug|Any CPU
		{1A7F83EE-728C-4431-A4B5-C0174229EBDD}.Debug|Any CPU.Build.0 = Debug|Any CPU
		{1A7F83EE-728C-4431-A4B5-C0174229EBDD}.Release|Any CPU.ActiveCfg = Release|Any CPU
		{1A7F83EE-728C-4431-A4B5-C0174229EBDD}.Release|Any CPU.Build.0 = Release|Any CPU
		{02504999-9AF5-433D-ADD4-BF254E1F02F0}.Debug|Any CPU.ActiveCfg = Debug|Any CPU
		{02504999-9AF5-433D-ADD4-BF254E1F02F0}.Debug|Any CPU.Build.0 = Debug|Any CPU
		{02504999-9AF5-433D-ADD4-BF254E1F02F0}.Release|Any CPU.ActiveCfg = Release|Any CPU
		{02504999-9AF5-433D-ADD4-BF254E1F02F0}.Release|Any CPU.Build.0 = Release|Any CPU
		{2F5B7B6D-6FC4-43C8-B309-FDFB3B12DAE6}.Debug|Any CPU.ActiveCfg = Debug|Any CPU
		{2F5B7B6D-6FC4-43C8-B309-FDFB3B12DAE6}.Debug|Any CPU.Build.0 = Debug|Any CPU
		{2F5B7B6D-6FC4-43C8-B309-FDFB3B12DAE6}.Release|Any CPU.ActiveCfg = Release|Any CPU
		{2F5B7B6D-6FC4-43C8-B309-FDFB3B12DAE6}.Release|Any CPU.Build.0 = Release|Any CPU
	EndGlobalSection
EndGlobal
